
Microsoft Visual Studio Solution File, Format Version 12.00
Project("{2150E333-8FDC-42A3-9474-1A3956D46DE8}") = "src", "src", "{1515E831-3322-40D6-9752-6BF5151FD15F}"
EndProject
Project("{2150E333-8FDC-42A3-9474-1A3956D46DE8}") = "common", "common", "{2BE49932-9071-4ADA-80D7-E6C3CBE1FD15}"
ProjectSection(SolutionItems) = preProject
	readme.md = readme.md
	Dockerfile = Dockerfile
	docker-compose.yml = docker-compose.yml
	entrypoint.sh = entrypoint.sh
EndProjectSection
EndProject
Project("{2150E333-8FDC-42A3-9474-1A3956D46DE8}") = "tests", "tests", "{BB7A1972-52F7-410B-B442-EF40D7F4ED94}"
EndProject
Project("{FAE04EC0-301F-11D3-BF4B-00C04F79EFBC}") = "OzonEdu.MerchendiseService.Presentation", "src\OzonEdu.MerchendiseService.Presentation\OzonEdu.MerchendiseService.Presentation.csproj", "{29E0A076-FF0A-4659-8F6B-70A223C1A040}"
EndProject
Project("{FAE04EC0-301F-11D3-BF4B-00C04F79EFBC}") = "OzonEdu.MerchendiseService.Infrastructure", "src\OzonEdu.MerchendiseService.Infrastructure\OzonEdu.MerchendiseService.Infrastructure.csproj", "{605AFA41-AF86-4A2E-B9EF-5FD878D59462}"
EndProject
Project("{FAE04EC0-301F-11D3-BF4B-00C04F79EFBC}") = "OzonEdu.MerchendiseService.HttpClients", "src\OzonEdu.MerchendiseService.HttpClients\OzonEdu.MerchendiseService.HttpClients.csproj", "{9CDF3C55-F28E-41CD-A9E9-6C2C16411EF2}"
EndProject
Project("{FAE04EC0-301F-11D3-BF4B-00C04F79EFBC}") = "OzonEdu.MerchendiseService.HttpModels", "src\OzonEdu.MerchendiseService.HttpModels\OzonEdu.MerchendiseService.HttpModels.csproj", "{C89E3205-9077-4BFC-83C6-28E1864A132E}"
EndProject
Project("{FAE04EC0-301F-11D3-BF4B-00C04F79EFBC}") = "OzonEdu.MerchendiseService.Grpc", "src\OzonEdu.MerchendiseService.Grpc\OzonEdu.MerchendiseService.Grpc.csproj", "{7ED94C43-5952-4726-96E8-DB102DD10A5D}"
EndProject
Project("{FAE04EC0-301F-11D3-BF4B-00C04F79EFBC}") = "OzonEdu.MerchendiseService.Domain", "src\OzonEdu.MerchendiseService.Domain\OzonEdu.MerchendiseService.Domain.csproj", "{06F3F12D-603F-4181-9512-1B3410EA7D19}"
EndProject
Project("{FAE04EC0-301F-11D3-BF4B-00C04F79EFBC}") = "OzonEdu.MerchendiseService.DomainInfrastructure", "src\OzonEdu.MerchendiseService.DomainInfrastructure\OzonEdu.MerchendiseService.DomainInfrastructure.csproj", "{C692B6CF-EAFC-4483-B894-6882A4A43D30}"
EndProject
Project("{FAE04EC0-301F-11D3-BF4B-00C04F79EFBC}") = "OzonEdu.MerchendiseService.Domain.Tests", "tests\OzonEdu.MerchendiseService.Domain.Tests\OzonEdu.MerchendiseService.Domain.Tests.csproj", "{78532676-33F4-42E5-9BAB-AB182FA9557D}"
EndProject
Project("{FAE04EC0-301F-11D3-BF4B-00C04F79EFBC}") = "OzonEdu.MerchendiseService.Migrator", "src\OzonEdu.MerchendiseService.Migrator\OzonEdu.MerchendiseService.Migrator.csproj", "{BE0A264A-6E1C-4F81-A799-C0E113EFF7BE}"
EndProject
Project("{FAE04EC0-301F-11D3-BF4B-00C04F79EFBC}") = "OzonEdu.MerchendiseService.DbInfrastructure", "src\OzonEdu.MerchendiseService.DbInfrastructure\OzonEdu.MerchendiseService.DbInfrastructure.csproj", "{4D0E55C0-10F7-4B4E-A510-22E7FCAC4D01}"
EndProject
Global
	GlobalSection(SolutionConfigurationPlatforms) = preSolution
		Debug|Any CPU = Debug|Any CPU
		Release|Any CPU = Release|Any CPU
	EndGlobalSection
	GlobalSection(NestedProjects) = preSolution
		{29E0A076-FF0A-4659-8F6B-70A223C1A040} = {1515E831-3322-40D6-9752-6BF5151FD15F}
		{605AFA41-AF86-4A2E-B9EF-5FD878D59462} = {1515E831-3322-40D6-9752-6BF5151FD15F}
		{9CDF3C55-F28E-41CD-A9E9-6C2C16411EF2} = {1515E831-3322-40D6-9752-6BF5151FD15F}
		{C89E3205-9077-4BFC-83C6-28E1864A132E} = {1515E831-3322-40D6-9752-6BF5151FD15F}
		{7ED94C43-5952-4726-96E8-DB102DD10A5D} = {1515E831-3322-40D6-9752-6BF5151FD15F}
		{06F3F12D-603F-4181-9512-1B3410EA7D19} = {1515E831-3322-40D6-9752-6BF5151FD15F}
		{C692B6CF-EAFC-4483-B894-6882A4A43D30} = {1515E831-3322-40D6-9752-6BF5151FD15F}
		{78532676-33F4-42E5-9BAB-AB182FA9557D} = {BB7A1972-52F7-410B-B442-EF40D7F4ED94}
		{BE0A264A-6E1C-4F81-A799-C0E113EFF7BE} = {1515E831-3322-40D6-9752-6BF5151FD15F}
		{4D0E55C0-10F7-4B4E-A510-22E7FCAC4D01} = {1515E831-3322-40D6-9752-6BF5151FD15F}
	EndGlobalSection
	GlobalSection(ProjectConfigurationPlatforms) = postSolution
		{29E0A076-FF0A-4659-8F6B-70A223C1A040}.Debug|Any CPU.ActiveCfg = Debug|Any CPU
		{29E0A076-FF0A-4659-8F6B-70A223C1A040}.Debug|Any CPU.Build.0 = Debug|Any CPU
		{29E0A076-FF0A-4659-8F6B-70A223C1A040}.Release|Any CPU.ActiveCfg = Release|Any CPU
		{29E0A076-FF0A-4659-8F6B-70A223C1A040}.Release|Any CPU.Build.0 = Release|Any CPU
		{605AFA41-AF86-4A2E-B9EF-5FD878D59462}.Debug|Any CPU.ActiveCfg = Debug|Any CPU
		{605AFA41-AF86-4A2E-B9EF-5FD878D59462}.Debug|Any CPU.Build.0 = Debug|Any CPU
		{605AFA41-AF86-4A2E-B9EF-5FD878D59462}.Release|Any CPU.ActiveCfg = Release|Any CPU
		{605AFA41-AF86-4A2E-B9EF-5FD878D59462}.Release|Any CPU.Build.0 = Release|Any CPU
		{9CDF3C55-F28E-41CD-A9E9-6C2C16411EF2}.Debug|Any CPU.ActiveCfg = Debug|Any CPU
		{9CDF3C55-F28E-41CD-A9E9-6C2C16411EF2}.Debug|Any CPU.Build.0 = Debug|Any CPU
		{9CDF3C55-F28E-41CD-A9E9-6C2C16411EF2}.Release|Any CPU.ActiveCfg = Release|Any CPU
		{9CDF3C55-F28E-41CD-A9E9-6C2C16411EF2}.Release|Any CPU.Build.0 = Release|Any CPU
		{C89E3205-9077-4BFC-83C6-28E1864A132E}.Debug|Any CPU.ActiveCfg = Debug|Any CPU
		{C89E3205-9077-4BFC-83C6-28E1864A132E}.Debug|Any CPU.Build.0 = Debug|Any CPU
		{C89E3205-9077-4BFC-83C6-28E1864A132E}.Release|Any CPU.ActiveCfg = Release|Any CPU
		{C89E3205-9077-4BFC-83C6-28E1864A132E}.Release|Any CPU.Build.0 = Release|Any CPU
		{7ED94C43-5952-4726-96E8-DB102DD10A5D}.Debug|Any CPU.ActiveCfg = Debug|Any CPU
		{7ED94C43-5952-4726-96E8-DB102DD10A5D}.Debug|Any CPU.Build.0 = Debug|Any CPU
		{7ED94C43-5952-4726-96E8-DB102DD10A5D}.Release|Any CPU.ActiveCfg = Release|Any CPU
		{7ED94C43-5952-4726-96E8-DB102DD10A5D}.Release|Any CPU.Build.0 = Release|Any CPU
		{06F3F12D-603F-4181-9512-1B3410EA7D19}.Debug|Any CPU.ActiveCfg = Debug|Any CPU
		{06F3F12D-603F-4181-9512-1B3410EA7D19}.Debug|Any CPU.Build.0 = Debug|Any CPU
		{06F3F12D-603F-4181-9512-1B3410EA7D19}.Release|Any CPU.ActiveCfg = Release|Any CPU
		{06F3F12D-603F-4181-9512-1B3410EA7D19}.Release|Any CPU.Build.0 = Release|Any CPU
		{C692B6CF-EAFC-4483-B894-6882A4A43D30}.Debug|Any CPU.ActiveCfg = Debug|Any CPU
		{C692B6CF-EAFC-4483-B894-6882A4A43D30}.Debug|Any CPU.Build.0 = Debug|Any CPU
		{C692B6CF-EAFC-4483-B894-6882A4A43D30}.Release|Any CPU.ActiveCfg = Release|Any CPU
		{C692B6CF-EAFC-4483-B894-6882A4A43D30}.Release|Any CPU.Build.0 = Release|Any CPU
		{78532676-33F4-42E5-9BAB-AB182FA9557D}.Debug|Any CPU.ActiveCfg = Debug|Any CPU
		{78532676-33F4-42E5-9BAB-AB182FA9557D}.Debug|Any CPU.Build.0 = Debug|Any CPU
		{78532676-33F4-42E5-9BAB-AB182FA9557D}.Release|Any CPU.ActiveCfg = Release|Any CPU
		{78532676-33F4-42E5-9BAB-AB182FA9557D}.Release|Any CPU.Build.0 = Release|Any CPU
		{BE0A264A-6E1C-4F81-A799-C0E113EFF7BE}.Debug|Any CPU.ActiveCfg = Debug|Any CPU
		{BE0A264A-6E1C-4F81-A799-C0E113EFF7BE}.Debug|Any CPU.Build.0 = Debug|Any CPU
		{BE0A264A-6E1C-4F81-A799-C0E113EFF7BE}.Release|Any CPU.ActiveCfg = Release|Any CPU
		{BE0A264A-6E1C-4F81-A799-C0E113EFF7BE}.Release|Any CPU.Build.0 = Release|Any CPU
		{4D0E55C0-10F7-4B4E-A510-22E7FCAC4D01}.Debug|Any CPU.ActiveCfg = Debug|Any CPU
		{4D0E55C0-10F7-4B4E-A510-22E7FCAC4D01}.Debug|Any CPU.Build.0 = Debug|Any CPU
		{4D0E55C0-10F7-4B4E-A510-22E7FCAC4D01}.Release|Any CPU.ActiveCfg = Release|Any CPU
		{4D0E55C0-10F7-4B4E-A510-22E7FCAC4D01}.Release|Any CPU.Build.0 = Release|Any CPU
	EndGlobalSection
EndGlobal
